
Microsoft Visual Studio Solution File, Format Version 12.00
# Visual Studio Version 17
VisualStudioVersion = 17.8.34408.163
MinimumVisualStudioVersion = 10.0.40219.1
Project("{8BC9CEB8-8B4A-11D0-8D11-00A0C91BC942}") = "test_1_26", "test_1_26\test_1_26.vcxproj", "{3538661B-421A-47D0-8661-860E6F6A4155}"
EndProject
Global
	GlobalSection(SolutionConfigurationPlatforms) = preSolution
		Debug|x64 = Debug|x64
		Debug|x86 = Debug|x86
		Release|x64 = Release|x64
		Release|x86 = Release|x86
	EndGlobalSection
	GlobalSection(ProjectConfigurationPlatforms) = postSolution
		{3538661B-421A-47D0-8661-860E6F6A4155}.Debug|x64.ActiveCfg = Debug|x64
		{3538661B-421A-47D0-8661-860E6F6A4155}.Debug|x64.Build.0 = Debug|x64
		{3538661B-421A-47D0-8661-860E6F6A4155}.Debug|x86.ActiveCfg = Debug|Win32
		{3538661B-421A-47D0-8661-860E6F6A4155}.Debug|x86.Build.0 = Debug|Win32
		{3538661B-421A-47D0-8661-860E6F6A4155}.Release|x64.ActiveCfg = Release|x64
		{3538661B-421A-47D0-8661-860E6F6A4155}.Release|x64.Build.0 = Release|x64
		{3538661B-421A-47D0-8661-860E6F6A4155}.Release|x86.ActiveCfg = Release|Win32
		{3538661B-421A-47D0-8661-860E6F6A4155}.Release|x86.Build.0 = Release|Win32
	EndGlobalSection
	GlobalSection(SolutionProperties) = preSolution
		HideSolutionNode = FALSE
	EndGlobalSection
	GlobalSection(ExtensibilityGlobals) = postSolution
		SolutionGuid = {CCAAC952-0A69-4FCE-A561-987C2611DFF6}
	EndGlobalSection
EndGlobal
