
Microsoft Visual Studio Solution File, Format Version 12.00
# Visual Studio Version 17
VisualStudioVersion = 17.8.34408.163
MinimumVisualStudioVersion = 10.0.40219.1
Project("{8BC9CEB8-8B4A-11D0-8D11-00A0C91BC942}") = "test_2_10", "test_2_10\test_2_10.vcxproj", "{423153D4-CC37-4271-9115-F434B1B7F9A0}"
EndProject
Global
	GlobalSection(SolutionConfigurationPlatforms) = preSolution
		Debug|x64 = Debug|x64
		Debug|x86 = Debug|x86
		Release|x64 = Release|x64
		Release|x86 = Release|x86
	EndGlobalSection
	GlobalSection(ProjectConfigurationPlatforms) = postSolution
		{423153D4-CC37-4271-9115-F434B1B7F9A0}.Debug|x64.ActiveCfg = Debug|x64
		{423153D4-CC37-4271-9115-F434B1B7F9A0}.Debug|x64.Build.0 = Debug|x64
		{423153D4-CC37-4271-9115-F434B1B7F9A0}.Debug|x86.ActiveCfg = Debug|Win32
		{423153D4-CC37-4271-9115-F434B1B7F9A0}.Debug|x86.Build.0 = Debug|Win32
		{423153D4-CC37-4271-9115-F434B1B7F9A0}.Release|x64.ActiveCfg = Release|x64
		{423153D4-CC37-4271-9115-F434B1B7F9A0}.Release|x64.Build.0 = Release|x64
		{423153D4-CC37-4271-9115-F434B1B7F9A0}.Release|x86.ActiveCfg = Release|Win32
		{423153D4-CC37-4271-9115-F434B1B7F9A0}.Release|x86.Build.0 = Release|Win32
	EndGlobalSection
	GlobalSection(SolutionProperties) = preSolution
		HideSolutionNode = FALSE
	EndGlobalSection
	GlobalSection(ExtensibilityGlobals) = postSolution
		SolutionGuid = {E684038A-846B-4C3D-94E4-E528359099FA}
	EndGlobalSection
EndGlobal
